// !$*UTF8*$!
{
	archiveVersion = 1;
	classes = {
	};
	objectVersion = 46;
	objects = {

/* Begin PBXBuildFile section */
		55DAC2181C805AB700509635 /* AppDelegate.swift in Sources */ = {isa = PBXBuildFile; fileRef = 55DAC2171C805AB700509635 /* AppDelegate.swift */; };
		55DAC21A1C805AB700509635 /* ViewController.swift in Sources */ = {isa = PBXBuildFile; fileRef = 55DAC2191C805AB700509635 /* ViewController.swift */; };
		55DAC21D1C805AB700509635 /* Main.storyboard in Resources */ = {isa = PBXBuildFile; fileRef = 55DAC21B1C805AB700509635 /* Main.storyboard */; };
		55DAC21F1C805AB700509635 /* Assets.xcassets in Resources */ = {isa = PBXBuildFile; fileRef = 55DAC21E1C805AB700509635 /* Assets.xcassets */; };
		55DAC2221C805AB700509635 /* LaunchScreen.storyboard in Resources */ = {isa = PBXBuildFile; fileRef = 55DAC2201C805AB700509635 /* LaunchScreen.storyboard */; };
		55DAC22D1C805AB700509635 /* DrHealthAppTests.swift in Sources */ = {isa = PBXBuildFile; fileRef = 55DAC22C1C805AB700509635 /* DrHealthAppTests.swift */; };
		55DAC2381C805AB700509635 /* DrHealthAppUITests.swift in Sources */ = {isa = PBXBuildFile; fileRef = 55DAC2371C805AB700509635 /* DrHealthAppUITests.swift */; };
/* End PBXBuildFile section */

/* Begin PBXContainerItemProxy section */
		55DAC2291C805AB700509635 /* PBXContainerItemProxy */ = {
			isa = PBXContainerItemProxy;
			containerPortal = 55DAC20C1C805AB700509635 /* Project object */;
			proxyType = 1;
			remoteGlobalIDString = 55DAC2131C805AB700509635;
			remoteInfo = DrHealthApp;
		};
		55DAC2341C805AB700509635 /* PBXContainerItemProxy */ = {
			isa = PBXContainerItemProxy;
			containerPortal = 55DAC20C1C805AB700509635 /* Project object */;
			proxyType = 1;
			remoteGlobalIDString = 55DAC2131C805AB700509635;
			remoteInfo = DrHealthApp;
		};
/* End PBXContainerItemProxy section */

/* Begin PBXFileReference section */
		55DAC2141C805AB700509635 /* DrHealthApp.app */ = {isa = PBXFileReference; explicitFileType = wrapper.application; includeInIndex = 0; path = DrHealthApp.app; sourceTree = BUILT_PRODUCTS_DIR; };
		55DAC2171C805AB700509635 /* AppDelegate.swift */ = {isa = PBXFileReference; lastKnownFileType = sourcecode.swift; path = AppDelegate.swift; sourceTree = "<group>"; };
		55DAC2191C805AB700509635 /* ViewController.swift */ = {isa = PBXFileReference; lastKnownFileType = sourcecode.swift; path = ViewController.swift; sourceTree = "<group>"; };
		55DAC21C1C805AB700509635 /* Base */ = {isa = PBXFileReference; lastKnownFileType = file.storyboard; name = Base; path = Base.lproj/Main.storyboard; sourceTree = "<group>"; };
		55DAC21E1C805AB700509635 /* Assets.xcassets */ = {isa = PBXFileReference; lastKnownFileType = folder.assetcatalog; path = Assets.xcassets; sourceTree = "<group>"; };
		55DAC2211C805AB700509635 /* Base */ = {isa = PBXFileReference; lastKnownFileType = file.storyboard; name = Base; path = Base.lproj/LaunchScreen.storyboard; sourceTree = "<group>"; };
		55DAC2231C805AB700509635 /* Info.plist */ = {isa = PBXFileReference; lastKnownFileType = text.plist.xml; path = Info.plist; sourceTree = "<group>"; };
		55DAC2281C805AB700509635 /* DrHealthAppTests.xctest */ = {isa = PBXFileReference; explicitFileType = wrapper.cfbundle; includeInIndex = 0; path = DrHealthAppTests.xctest; sourceTree = BUILT_PRODUCTS_DIR; };
		55DAC22C1C805AB700509635 /* DrHealthAppTests.swift */ = {isa = PBXFileReference; lastKnownFileType = sourcecode.swift; path = DrHealthAppTests.swift; sourceTree = "<group>"; };
		55DAC22E1C805AB700509635 /* Info.plist */ = {isa = PBXFileReference; lastKnownFileType = text.plist.xml; path = Info.plist; sourceTree = "<group>"; };
		55DAC2331C805AB700509635 /* DrHealthAppUITests.xctest */ = {isa = PBXFileReference; explicitFileType = wrapper.cfbundle; includeInIndex = 0; path = DrHealthAppUITests.xctest; sourceTree = BUILT_PRODUCTS_DIR; };
		55DAC2371C805AB700509635 /* DrHealthAppUITests.swift */ = {isa = PBXFileReference; lastKnownFileType = sourcecode.swift; path = DrHealthAppUITests.swift; sourceTree = "<group>"; };
		55DAC2391C805AB700509635 /* Info.plist */ = {isa = PBXFileReference; lastKnownFileType = text.plist.xml; path = Info.plist; sourceTree = "<group>"; };
/* End PBXFileReference section */

/* Begin PBXFrameworksBuildPhase section */
		55DAC2111C805AB700509635 /* Frameworks */ = {
			isa = PBXFrameworksBuildPhase;
			buildActionMask = 2147483647;
			files = (
			);
			runOnlyForDeploymentPostprocessing = 0;
		};
		55DAC2251C805AB700509635 /* Frameworks */ = {
			isa = PBXFrameworksBuildPhase;
			buildActionMask = 2147483647;
			files = (
			);
			runOnlyForDeploymentPostprocessing = 0;
		};
		55DAC2301C805AB700509635 /* Frameworks */ = {
			isa = PBXFrameworksBuildPhase;
			buildActionMask = 2147483647;
			files = (
			);
			runOnlyForDeploymentPostprocessing = 0;
		};
/* End PBXFrameworksBuildPhase section */

/* Begin PBXGroup section */
		55DAC20B1C805AB700509635 = {
			isa = PBXGroup;
			children = (
				55DAC2161C805AB700509635 /* DrHealthApp */,
				55DAC22B1C805AB700509635 /* DrHealthAppTests */,
				55DAC2361C805AB700509635 /* DrHealthAppUITests */,
				55DAC2151C805AB700509635 /* Products */,
			);
			sourceTree = "<group>";
		};
		55DAC2151C805AB700509635 /* Products */ = {
			isa = PBXGroup;
			children = (
				55DAC2141C805AB700509635 /* DrHealthApp.app */,
				55DAC2281C805AB700509635 /* DrHealthAppTests.xctest */,
				55DAC2331C805AB700509635 /* DrHealthAppUITests.xctest */,
			);
			name = Products;
			sourceTree = "<group>";
		};
		55DAC2161C805AB700509635 /* DrHealthApp */ = {
			isa = PBXGroup;
			children = (
				55DAC2171C805AB700509635 /* AppDelegate.swift */,
				55DAC2191C805AB700509635 /* ViewController.swift */,
				55DAC21B1C805AB700509635 /* Main.storyboard */,
				55DAC21E1C805AB700509635 /* Assets.xcassets */,
				55DAC2201C805AB700509635 /* LaunchScreen.storyboard */,
				55DAC2231C805AB700509635 /* Info.plist */,
			);
			path = DrHealthApp;
			sourceTree = "<group>";
		};
		55DAC22B1C805AB700509635 /* DrHealthAppTests */ = {
			isa = PBXGroup;
			children = (
				55DAC22C1C805AB700509635 /* DrHealthAppTests.swift */,
				55DAC22E1C805AB700509635 /* Info.plist */,
			);
			path = DrHealthAppTests;
			sourceTree = "<group>";
		};
		55DAC2361C805AB700509635 /* DrHealthAppUITests */ = {
			isa = PBXGroup;
			children = (
				55DAC2371C805AB700509635 /* DrHealthAppUITests.swift */,
				55DAC2391C805AB700509635 /* Info.plist */,
			);
			path = DrHealthAppUITests;
			sourceTree = "<group>";
		};
/* End PBXGroup section */

/* Begin PBXNativeTarget section */
		55DAC2131C805AB700509635 /* DrHealthApp */ = {
			isa = PBXNativeTarget;
			buildConfigurationList = 55DAC23C1C805AB700509635 /* Build configuration list for PBXNativeTarget "DrHealthApp" */;
			buildPhases = (
				55DAC2101C805AB700509635 /* Sources */,
				55DAC2111C805AB700509635 /* Frameworks */,
				55DAC2121C805AB700509635 /* Resources */,
			);
			buildRules = (
			);
			dependencies = (
			);
			name = DrHealthApp;
			productName = DrHealthApp;
			productReference = 55DAC2141C805AB700509635 /* DrHealthApp.app */;
			productType = "com.apple.product-type.application";
		};
		55DAC2271C805AB700509635 /* DrHealthAppTests */ = {
			isa = PBXNativeTarget;
			buildConfigurationList = 55DAC23F1C805AB700509635 /* Build configuration list for PBXNativeTarget "DrHealthAppTests" */;
			buildPhases = (
				55DAC2241C805AB700509635 /* Sources */,
				55DAC2251C805AB700509635 /* Frameworks */,
				55DAC2261C805AB700509635 /* Resources */,
			);
			buildRules = (
			);
			dependencies = (
				55DAC22A1C805AB700509635 /* PBXTargetDependency */,
			);
			name = DrHealthAppTests;
			productName = DrHealthAppTests;
			productReference = 55DAC2281C805AB700509635 /* DrHealthAppTests.xctest */;
			productType = "com.apple.product-type.bundle.unit-test";
		};
		55DAC2321C805AB700509635 /* DrHealthAppUITests */ = {
			isa = PBXNativeTarget;
			buildConfigurationList = 55DAC2421C805AB700509635 /* Build configuration list for PBXNativeTarget "DrHealthAppUITests" */;
			buildPhases = (
				55DAC22F1C805AB700509635 /* Sources */,
				55DAC2301C805AB700509635 /* Frameworks */,
				55DAC2311C805AB700509635 /* Resources */,
			);
			buildRules = (
			);
			dependencies = (
				55DAC2351C805AB700509635 /* PBXTargetDependency */,
			);
			name = DrHealthAppUITests;
			productName = DrHealthAppUITests;
			productReference = 55DAC2331C805AB700509635 /* DrHealthAppUITests.xctest */;
			productType = "com.apple.product-type.bundle.ui-testing";
		};
/* End PBXNativeTarget section */

/* Begin PBXProject section */
		55DAC20C1C805AB700509635 /* Project object */ = {
			isa = PBXProject;
			attributes = {
				LastSwiftUpdateCheck = 0720;
				LastUpgradeCheck = 0720;
				ORGANIZATIONNAME = "Amit Verma";
				TargetAttributes = {
					55DAC2131C805AB700509635 = {
						CreatedOnToolsVersion = 7.2;
					};
					55DAC2271C805AB700509635 = {
						CreatedOnToolsVersion = 7.2;
						TestTargetID = 55DAC2131C805AB700509635;
					};
					55DAC2321C805AB700509635 = {
						CreatedOnToolsVersion = 7.2;
						TestTargetID = 55DAC2131C805AB700509635;
					};
				};
			};
			buildConfigurationList = 55DAC20F1C805AB700509635 /* Build configuration list for PBXProject "DrHealthApp" */;
			compatibilityVersion = "Xcode 3.2";
			developmentRegion = English;
			hasScannedForEncodings = 0;
			knownRegions = (
				en,
				Base,
			);
			mainGroup = 55DAC20B1C805AB700509635;
			productRefGroup = 55DAC2151C805AB700509635 /* Products */;
			projectDirPath = "";
			projectRoot = "";
			targets = (
				55DAC2131C805AB700509635 /* DrHealthApp */,
				55DAC2271C805AB700509635 /* DrHealthAppTests */,
				55DAC2321C805AB700509635 /* DrHealthAppUITests */,
			);
		};
/* End PBXProject section */

/* Begin PBXResourcesBuildPhase section */
		55DAC2121C805AB700509635 /* Resources */ = {
			isa = PBXResourcesBuildPhase;
			buildActionMask = 2147483647;
			files = (
				55DAC2221C805AB700509635 /* LaunchScreen.storyboard in Resources */,
				55DAC21F1C805AB700509635 /* Assets.xcassets in Resources */,
				55DAC21D1C805AB700509635 /* Main.storyboard in Resources */,
			);
			runOnlyForDeploymentPostprocessing = 0;
		};
		55DAC2261C805AB700509635 /* Resources */ = {
			isa = PBXResourcesBuildPhase;
			buildActionMask = 2147483647;
			files = (
			);
			runOnlyForDeploymentPostprocessing = 0;
		};
		55DAC2311C805AB700509635 /* Resources */ = {
			isa = PBXResourcesBuildPhase;
			buildActionMask = 2147483647;
			files = (
			);
			runOnlyForDeploymentPostprocessing = 0;
		};
/* End PBXResourcesBuildPhase section */

/* Begin PBXSourcesBuildPhase section */
		55DAC2101C805AB700509635 /* Sources */ = {
			isa = PBXSourcesBuildPhase;
			buildActionMask = 2147483647;
			files = (
				55DAC21A1C805AB700509635 /* ViewController.swift in Sources */,
				55DAC2181C805AB700509635 /* AppDelegate.swift in Sources */,
			);
			runOnlyForDeploymentPostprocessing = 0;
		};
		55DAC2241C805AB700509635 /* Sources */ = {
			isa = PBXSourcesBuildPhase;
			buildActionMask = 2147483647;
			files = (
				55DAC22D1C805AB700509635 /* DrHealthAppTests.swift in Sources */,
			);
			runOnlyForDeploymentPostprocessing = 0;
		};
		55DAC22F1C805AB700509635 /* Sources */ = {
			isa = PBXSourcesBuildPhase;
			buildActionMask = 2147483647;
			files = (
				55DAC2381C805AB700509635 /* DrHealthAppUITests.swift in Sources */,
			);
			runOnlyForDeploymentPostprocessing = 0;
		};
/* End PBXSourcesBuildPhase section */

/* Begin PBXTargetDependency section */
		55DAC22A1C805AB700509635 /* PBXTargetDependency */ = {
			isa = PBXTargetDependency;
			target = 55DAC2131C805AB700509635 /* DrHealthApp */;
			targetProxy = 55DAC2291C805AB700509635 /* PBXContainerItemProxy */;
		};
		55DAC2351C805AB700509635 /* PBXTargetDependency */ = {
			isa = PBXTargetDependency;
			target = 55DAC2131C805AB700509635 /* DrHealthApp */;
			targetProxy = 55DAC2341C805AB700509635 /* PBXContainerItemProxy */;
		};
/* End PBXTargetDependency section */

/* Begin PBXVariantGroup section */
		55DAC21B1C805AB700509635 /* Main.storyboard */ = {
			isa = PBXVariantGroup;
			children = (
				55DAC21C1C805AB700509635 /* Base */,
			);
			name = Main.storyboard;
			sourceTree = "<group>";
		};
		55DAC2201C805AB700509635 /* LaunchScreen.storyboard */ = {
			isa = PBXVariantGroup;
			children = (
				55DAC2211C805AB700509635 /* Base */,
			);
			name = LaunchScreen.storyboard;
			sourceTree = "<group>";
		};
/* End PBXVariantGroup section */

/* Begin XCBuildConfiguration section */
		55DAC23A1C805AB700509635 /* Debug */ = {
			isa = XCBuildConfiguration;
			buildSettings = {
				ALWAYS_SEARCH_USER_PATHS = NO;
				CLANG_CXX_LANGUAGE_STANDARD = "gnu++0x";
				CLANG_CXX_LIBRARY = "libc++";
				CLANG_ENABLE_MODULES = YES;
				CLANG_ENABLE_OBJC_ARC = YES;
				CLANG_WARN_BOOL_CONVERSION = YES;
				CLANG_WARN_CONSTANT_CONVERSION = YES;
				CLANG_WARN_DIRECT_OBJC_ISA_USAGE = YES_ERROR;
				CLANG_WARN_EMPTY_BODY = YES;
				CLANG_WARN_ENUM_CONVERSION = YES;
				CLANG_WARN_INT_CONVERSION = YES;
				CLANG_WARN_OBJC_ROOT_CLASS = YES_ERROR;
				CLANG_WARN_UNREACHABLE_CODE = YES;
				CLANG_WARN__DUPLICATE_METHOD_MATCH = YES;
				"CODE_SIGN_IDENTITY[sdk=iphoneos*]" = "iPhone Developer";
				COPY_PHASE_STRIP = NO;
				DEBUG_INFORMATION_FORMAT = dwarf;
				ENABLE_STRICT_OBJC_MSGSEND = YES;
				ENABLE_TESTABILITY = YES;
				GCC_C_LANGUAGE_STANDARD = gnu99;
				GCC_DYNAMIC_NO_PIC = NO;
				GCC_NO_COMMON_BLOCKS = YES;
				GCC_OPTIMIZATION_LEVEL = 0;
				GCC_PREPROCESSOR_DEFINITIONS = (
					"DEBUG=1",
					"$(inherited)",
				);
				GCC_WARN_64_TO_32_BIT_CONVERSION = YES;
				GCC_WARN_ABOUT_RETURN_TYPE = YES_ERROR;
				GCC_WARN_UNDECLARED_SELECTOR = YES;
				GCC_WARN_UNINITIALIZED_AUTOS = YES_AGGRESSIVE;
				GCC_WARN_UNUSED_FUNCTION = YES;
				GCC_WARN_UNUSED_VARIABLE = YES;
				IPHONEOS_DEPLOYMENT_TARGET = 9.2;
				MTL_ENABLE_DEBUG_INFO = YES;
				ONLY_ACTIVE_ARCH = YES;
				SDKROOT = iphoneos;
				SWIFT_OPTIMIZATION_LEVEL = "-Onone";
				TARGETED_DEVICE_FAMILY = "1,2";
			};
			name = Debug;
		};
		55DAC23B1C805AB700509635 /* Release */ = {
			isa = XCBuildConfiguration;
			buildSettings = {
				ALWAYS_SEARCH_USER_PATHS = NO;
				CLANG_CXX_LANGUAGE_STANDARD = "gnu++0x";
				CLANG_CXX_LIBRARY = "libc++";
				CLANG_ENABLE_MODULES = YES;
				CLANG_ENABLE_OBJC_ARC = YES;
				CLANG_WARN_BOOL_CONVERSION = YES;
				CLANG_WARN_CONSTANT_CONVERSION = YES;
				CLANG_WARN_DIRECT_OBJC_ISA_USAGE = YES_ERROR;
				CLANG_WARN_EMPTY_BODY = YES;
				CLANG_WARN_ENUM_CONVERSION = YES;
				CLANG_WARN_INT_CONVERSION = YES;
				CLANG_WARN_OBJC_ROOT_CLASS = YES_ERROR;
				CLANG_WARN_UNREACHABLE_CODE = YES;
				CLANG_WARN__DUPLICATE_METHOD_MATCH = YES;
				"CODE_SIGN_IDENTITY[sdk=iphoneos*]" = "iPhone Developer";
				COPY_PHASE_STRIP = NO;
				DEBUG_INFORMATION_FORMAT = "dwarf-with-dsym";
				ENABLE_NS_ASSERTIONS = NO;
				ENABLE_STRICT_OBJC_MSGSEND = YES;
				GCC_C_LANGUAGE_STANDARD = gnu99;
				GCC_NO_COMMON_BLOCKS = YES;
				GCC_WARN_64_TO_32_BIT_CONVERSION = YES;
				GCC_WARN_ABOUT_RETURN_TYPE = YES_ERROR;
				GCC_WARN_UNDECLARED_SELECTOR = YES;
				GCC_WARN_UNINITIALIZED_AUTOS = YES_AGGRESSIVE;
				GCC_WARN_UNUSED_FUNCTION = YES;
				GCC_WARN_UNUSED_VARIABLE = YES;
				IPHONEOS_DEPLOYMENT_TARGET = 9.2;
				MTL_ENABLE_DEBUG_INFO = NO;
				SDKROOT = iphoneos;
				TARGETED_DEVICE_FAMILY = "1,2";
				VALIDATE_PRODUCT = YES;
			};
			name = Release;
		};
		55DAC23D1C805AB700509635 /* Debug */ = {
			isa = XCBuildConfiguration;
			buildSettings = {
				ASSETCATALOG_COMPILER_APPICON_NAME = AppIcon;
				INFOPLIST_FILE = DrHealthApp/Info.plist;
				LD_RUNPATH_SEARCH_PATHS = "$(inherited) @executable_path/Frameworks";
				PRODUCT_BUNDLE_IDENTIFIER = Trigma.DrHealthApp;
				PRODUCT_NAME = "$(TARGET_NAME)";
			};
			name = Debug;
		};
		55DAC23E1C805AB700509635 /* Release */ = {
			isa = XCBuildConfiguration;
			buildSettings = {
				ASSETCATALOG_COMPILER_APPICON_NAME = AppIcon;
				INFOPLIST_FILE = DrHealthApp/Info.plist;
				LD_RUNPATH_SEARCH_PATHS = "$(inherited) @executable_path/Frameworks";
				PRODUCT_BUNDLE_IDENTIFIER = Trigma.DrHealthApp;
				PRODUCT_NAME = "$(TARGET_NAME)";
			};
			name = Release;
		};
		55DAC2401C805AB700509635 /* Debug */ = {
			isa = XCBuildConfiguration;
			buildSettings = {
				BUNDLE_LOADER = "$(TEST_HOST)";
				INFOPLIST_FILE = DrHealthAppTests/Info.plist;
				LD_RUNPATH_SEARCH_PATHS = "$(inherited) @executable_path/Frameworks @loader_path/Frameworks";
				PRODUCT_BUNDLE_IDENTIFIER = Trigma.DrHealthAppTests;
				PRODUCT_NAME = "$(TARGET_NAME)";
				TEST_HOST = "$(BUILT_PRODUCTS_DIR)/DrHealthApp.app/DrHealthApp";
			};
			name = Debug;
		};
		55DAC2411C805AB700509635 /* Release */ = {
			isa = XCBuildConfiguration;
			buildSettings = {
				BUNDLE_LOADER = "$(TEST_HOST)";
				INFOPLIST_FILE = DrHealthAppTests/Info.plist;
				LD_RUNPATH_SEARCH_PATHS = "$(inherited) @executable_path/Frameworks @loader_path/Frameworks";
				PRODUCT_BUNDLE_IDENTIFIER = Trigma.DrHealthAppTests;
				PRODUCT_NAME = "$(TARGET_NAME)";
				TEST_HOST = "$(BUILT_PRODUCTS_DIR)/DrHealthApp.app/DrHealthApp";
			};
			name = Release;
		};
		55DAC2431C805AB700509635 /* Debug */ = {
			isa = XCBuildConfiguration;
			buildSettings = {
				INFOPLIST_FILE = DrHealthAppUITests/Info.plist;
				LD_RUNPATH_SEARCH_PATHS = "$(inherited) @executable_path/Frameworks @loader_path/Frameworks";
				PRODUCT_BUNDLE_IDENTIFIER = Trigma.DrHealthAppUITests;
				PRODUCT_NAME = "$(TARGET_NAME)";
				TEST_TARGET_NAME = DrHealthApp;
				USES_XCTRUNNER = YES;
			};
			name = Debug;
		};
		55DAC2441C805AB700509635 /* Release */ = {
			isa = XCBuildConfiguration;
			buildSettings = {
				INFOPLIST_FILE = DrHealthAppUITests/Info.plist;
				LD_RUNPATH_SEARCH_PATHS = "$(inherited) @executable_path/Frameworks @loader_path/Frameworks";
				PRODUCT_BUNDLE_IDENTIFIER = Trigma.DrHealthAppUITests;
				PRODUCT_NAME = "$(TARGET_NAME)";
				TEST_TARGET_NAME = DrHealthApp;
				USES_XCTRUNNER = YES;
			};
			name = Release;
		};
/* End XCBuildConfiguration section */

/* Begin XCConfigurationList section */
		55DAC20F1C805AB700509635 /* Build configuration list for PBXProject "DrHealthApp" */ = {
			isa = XCConfigurationList;
			buildConfigurations = (
				55DAC23A1C805AB700509635 /* Debug */,
				55DAC23B1C805AB700509635 /* Release */,
			);
			defaultConfigurationIsVisible = 0;
			defaultConfigurationName = Release;
		};
		55DAC23C1C805AB700509635 /* Build configuration list for PBXNativeTarget "DrHealthApp" */ = {
			isa = XCConfigurationList;
			buildConfigurations = (
				55DAC23D1C805AB700509635 /* Debug */,
				55DAC23E1C805AB700509635 /* Release */,
			);
			defaultConfigurationIsVisible = 0;
		};
		55DAC23F1C805AB700509635 /* Build configuration list for PBXNativeTarget "DrHealthAppTests" */ = {
			isa = XCConfigurationList;
			buildConfigurations = (
				55DAC2401C805AB700509635 /* Debug */,
				55DAC2411C805AB700509635 /* Release */,
			);
			defaultConfigurationIsVisible = 0;
		};
		55DAC2421C805AB700509635 /* Build configuration list for PBXNativeTarget "DrHealthAppUITests" */ = {
			isa = XCConfigurationList;
			buildConfigurations = (
				55DAC2431C805AB700509635 /* Debug */,
				55DAC2441C805AB700509635 /* Release */,
			);
			defaultConfigurationIsVisible = 0;
		};
/* End XCConfigurationList section */
	};
	rootObject = 55DAC20C1C805AB700509635 /* Project object */;
}
